Microsoft Visual Studio Solution File, Format Version 12.00
# Visual Studio Version 17
VisualStudioVersion = 17.5.2.0
MinimumVisualStudioVersion = 10.0.40219.1
Project("{FAE04EC0-301F-11D3-BF4B-00C04F79EFBC}") = "poo-projeto", "poo-projeto.csproj", "{52F0EC01-854D-8D28-22F3-F439E07C72CA}"
EndProject
Global
	GlobalSection(SolutionConfigurationPlatforms) = preSolution
		Debug|Any CPU = Debug|Any CPU
		Release|Any CPU = Release|Any CPU
	EndGlobalSection
	GlobalSection(ProjectConfigurationPlatforms) = postSolution
		{52F0EC01-854D-8D28-22F3-F439E07C72CA}.Debug|Any CPU.ActiveCfg = Debug|Any CPU
		{52F0EC01-854D-8D28-22F3-F439E07C72CA}.Debug|Any CPU.Build.0 = Debug|Any CPU
		{52F0EC01-854D-8D28-22F3-F439E07C72CA}.Release|Any CPU.ActiveCfg = Release|Any CPU
		{52F0EC01-854D-8D28-22F3-F439E07C72CA}.Release|Any CPU.Build.0 = Release|Any CPU
	EndGlobalSection
	GlobalSection(SolutionProperties) = preSolution
		HideSolutionNode = FALSE
	EndGlobalSection
	GlobalSection(ExtensibilityGlobals) = postSolution
		SolutionGuid = {18261274-F734-4803-A794-5270F4379955}
	EndGlobalSection
EndGlobal
